
Microsoft Visual Studio Solution File, Format Version 12.00
# Visual Studio Version 17
VisualStudioVersion = 17.5.33530.505
MinimumVisualStudioVersion = 10.0.40219.1
Project("{9A19103F-16F7-4668-BE54-9A1E7A4F7556}") = "BussinessLayer", "DataLayer\BussinessLayer.csproj", "{54A8F1A3-21FF-472E-BEEA-C715E50CF81D}"
EndProject
Project("{9A19103F-16F7-4668-BE54-9A1E7A4F7556}") = "DataLoader", "DataLoader\DataLoader.csproj", "{E020341C-5958-4308-9BAB-8CEA05436EBE}"
EndProject
Project("{9A19103F-16F7-4668-BE54-9A1E7A4F7556}") = "DataRepo", "DataRepo\DataRepo.csproj", "{411BA65B-2926-4525-936C-505127CD6216}"
EndProject
Project("{9A19103F-16F7-4668-BE54-9A1E7A4F7556}") = "PresentationLayer", "PresentationLayer\PresentationLayer.csproj", "{BF18535C-196D-4BC1-8893-FDEAA903B7E9}"
EndProject
Project("{9A19103F-16F7-4668-BE54-9A1E7A4F7556}") = "UnitTester", "UnitTester\UnitTester.csproj", "{D18D5F8E-7ED3-47DF-A13A-A7521C1616BF}"
EndProject
Global
	GlobalSection(SolutionConfigurationPlatforms) = preSolution
		Debug|Any CPU = Debug|Any CPU
		Release|Any CPU = Release|Any CPU
	EndGlobalSection
	GlobalSection(ProjectConfigurationPlatforms) = postSolution
		{54A8F1A3-21FF-472E-BEEA-C715E50CF81D}.Debug|Any CPU.ActiveCfg = Debug|Any CPU
		{54A8F1A3-21FF-472E-BEEA-C715E50CF81D}.Debug|Any CPU.Build.0 = Debug|Any CPU
		{54A8F1A3-21FF-472E-BEEA-C715E50CF81D}.Release|Any CPU.ActiveCfg = Release|Any CPU
		{54A8F1A3-21FF-472E-BEEA-C715E50CF81D}.Release|Any CPU.Build.0 = Release|Any CPU
		{E020341C-5958-4308-9BAB-8CEA05436EBE}.Debug|Any CPU.ActiveCfg = Debug|Any CPU
		{E020341C-5958-4308-9BAB-8CEA05436EBE}.Debug|Any CPU.Build.0 = Debug|Any CPU
		{E020341C-5958-4308-9BAB-8CEA05436EBE}.Release|Any CPU.ActiveCfg = Release|Any CPU
		{E020341C-5958-4308-9BAB-8CEA05436EBE}.Release|Any CPU.Build.0 = Release|Any CPU
		{411BA65B-2926-4525-936C-505127CD6216}.Debug|Any CPU.ActiveCfg = Debug|Any CPU
		{411BA65B-2926-4525-936C-505127CD6216}.Debug|Any CPU.Build.0 = Debug|Any CPU
		{411BA65B-2926-4525-936C-505127CD6216}.Release|Any CPU.ActiveCfg = Release|Any CPU
		{411BA65B-2926-4525-936C-505127CD6216}.Release|Any CPU.Build.0 = Release|Any CPU
		{BF18535C-196D-4BC1-8893-FDEAA903B7E9}.Debug|Any CPU.ActiveCfg = Debug|Any CPU
		{BF18535C-196D-4BC1-8893-FDEAA903B7E9}.Debug|Any CPU.Build.0 = Debug|Any CPU
		{BF18535C-196D-4BC1-8893-FDEAA903B7E9}.Release|Any CPU.ActiveCfg = Release|Any CPU
		{BF18535C-196D-4BC1-8893-FDEAA903B7E9}.Release|Any CPU.Build.0 = Release|Any CPU
		{D18D5F8E-7ED3-47DF-A13A-A7521C1616BF}.Debug|Any CPU.ActiveCfg = Debug|Any CPU
		{D18D5F8E-7ED3-47DF-A13A-A7521C1616BF}.Debug|Any CPU.Build.0 = Debug|Any CPU
		{D18D5F8E-7ED3-47DF-A13A-A7521C1616BF}.Release|Any CPU.ActiveCfg = Release|Any CPU
		{D18D5F8E-7ED3-47DF-A13A-A7521C1616BF}.Release|Any CPU.Build.0 = Release|Any CPU
	EndGlobalSection
	GlobalSection(SolutionProperties) = preSolution
		HideSolutionNode = FALSE
	EndGlobalSection
	GlobalSection(ExtensibilityGlobals) = postSolution
		SolutionGuid = {7C9F5C30-CA66-4B56-B43D-F6764833B9EE}
	EndGlobalSection
EndGlobal
